
Microsoft Visual Studio Solution File, Format Version 12.00
# Visual Studio Version 17
VisualStudioVersion = 17.7.34202.233
MinimumVisualStudioVersion = 10.0.40219.1
Project("{FAE04EC0-301F-11D3-BF4B-00C04F79EFBC}") = "IDRSPrototype", "IDRSPrototype\IDRSPrototype.csproj", "{3F98FD87-286E-4C0E-949E-A4BED4A692BD}"
EndProject
Global
	GlobalSection(SolutionConfigurationPlatforms) = preSolution
		Debug|Any CPU = Debug|Any CPU
		Release|Any CPU = Release|Any CPU
	EndGlobalSection
	GlobalSection(ProjectConfigurationPlatforms) = postSolution
		{3F98FD87-286E-4C0E-949E-A4BED4A692BD}.Debug|Any CPU.ActiveCfg = Debug|Any CPU
		{3F98FD87-286E-4C0E-949E-A4BED4A692BD}.Debug|Any CPU.Build.0 = Debug|Any CPU
		{3F98FD87-286E-4C0E-949E-A4BED4A692BD}.Release|Any CPU.ActiveCfg = Release|Any CPU
		{3F98FD87-286E-4C0E-949E-A4BED4A692BD}.Release|Any CPU.Build.0 = Release|Any CPU
	EndGlobalSection
	GlobalSection(SolutionProperties) = preSolution
		HideSolutionNode = FALSE
	EndGlobalSection
	GlobalSection(ExtensibilityGlobals) = postSolution
		SolutionGuid = {35668669-95FF-40FE-82CC-9CE2AFE3D387}
	EndGlobalSection
EndGlobal
